
Microsoft Visual Studio Solution File, Format Version 12.00
# Visual Studio Version 17
VisualStudioVersion = 17.5.002.0
MinimumVisualStudioVersion = 10.0.40219.1
Project("{9A19103F-16F7-4668-BE54-9A1E7A4F7556}") = "Library", "Library\Library.csproj", "{35E2E231-EAD1-4947-9F67-0DCA8A540C7C}"
EndProject
Project("{9A19103F-16F7-4668-BE54-9A1E7A4F7556}") = "Program", "Program\Program.csproj", "{8F08B3FB-7E50-4AF7-BAC1-74C54502AD58}"
EndProject
Global
	GlobalSection(SolutionConfigurationPlatforms) = preSolution
		Debug|Any CPU = Debug|Any CPU
		Release|Any CPU = Release|Any CPU
	EndGlobalSection
	GlobalSection(ProjectConfigurationPlatforms) = postSolution
		{35E2E231-EAD1-4947-9F67-0DCA8A540C7C}.Debug|Any CPU.ActiveCfg = Debug|Any CPU
		{35E2E231-EAD1-4947-9F67-0DCA8A540C7C}.Debug|Any CPU.Build.0 = Debug|Any CPU
		{35E2E231-EAD1-4947-9F67-0DCA8A540C7C}.Release|Any CPU.ActiveCfg = Release|Any CPU
		{35E2E231-EAD1-4947-9F67-0DCA8A540C7C}.Release|Any CPU.Build.0 = Release|Any CPU
		{8F08B3FB-7E50-4AF7-BAC1-74C54502AD58}.Debug|Any CPU.ActiveCfg = Debug|Any CPU
		{8F08B3FB-7E50-4AF7-BAC1-74C54502AD58}.Debug|Any CPU.Build.0 = Debug|Any CPU
		{8F08B3FB-7E50-4AF7-BAC1-74C54502AD58}.Release|Any CPU.ActiveCfg = Release|Any CPU
		{8F08B3FB-7E50-4AF7-BAC1-74C54502AD58}.Release|Any CPU.Build.0 = Release|Any CPU
	EndGlobalSection
	GlobalSection(SolutionProperties) = preSolution
		HideSolutionNode = FALSE
	EndGlobalSection
	GlobalSection(ExtensibilityGlobals) = postSolution
		SolutionGuid = {06BDFF7A-CC0F-4551-8187-CE3959414FF5}
	EndGlobalSection
EndGlobal
